
Microsoft Visual Studio Solution File, Format Version 12.00
# Visual Studio Version 16
VisualStudioVersion = 16.0.30907.101
MinimumVisualStudioVersion = 10.0.40219.1
Project("{FAE04EC0-301F-11D3-BF4B-00C04F79EFBC}") = "bsod", "bsod\bsod.csproj", "{20F3DC95-66C6-4135-A267-A797603A44B8}"
EndProject
Project("{FAE04EC0-301F-11D3-BF4B-00C04F79EFBC}") = "bsoduserstartup", "bsoduserstartup\bsoduserstartup.csproj", "{F69BAFBA-A25D-4F38-A410-983F27B347E6}"
EndProject
Project("{FAE04EC0-301F-11D3-BF4B-00C04F79EFBC}") = "bsodsystemstartup", "bsodsystemstartup\bsodsystemstartup.csproj", "{1434CAAE-AE1C-47B1-B260-D8ACC82D5DCF}"
EndProject
Global
	GlobalSection(SolutionConfigurationPlatforms) = preSolution
		Debug|Any CPU = Debug|Any CPU
		Release|Any CPU = Release|Any CPU
	EndGlobalSection
	GlobalSection(ProjectConfigurationPlatforms) = postSolution
		{20F3DC95-66C6-4135-A267-A797603A44B8}.Debug|Any CPU.ActiveCfg = Debug|Any CPU
		{20F3DC95-66C6-4135-A267-A797603A44B8}.Debug|Any CPU.Build.0 = Debug|Any CPU
		{20F3DC95-66C6-4135-A267-A797603A44B8}.Release|Any CPU.ActiveCfg = Release|Any CPU
		{20F3DC95-66C6-4135-A267-A797603A44B8}.Release|Any CPU.Build.0 = Release|Any CPU
		{F69BAFBA-A25D-4F38-A410-983F27B347E6}.Debug|Any CPU.ActiveCfg = Debug|Any CPU
		{F69BAFBA-A25D-4F38-A410-983F27B347E6}.Debug|Any CPU.Build.0 = Debug|Any CPU
		{F69BAFBA-A25D-4F38-A410-983F27B347E6}.Release|Any CPU.ActiveCfg = Release|Any CPU
		{F69BAFBA-A25D-4F38-A410-983F27B347E6}.Release|Any CPU.Build.0 = Release|Any CPU
		{1434CAAE-AE1C-47B1-B260-D8ACC82D5DCF}.Debug|Any CPU.ActiveCfg = Debug|Any CPU
		{1434CAAE-AE1C-47B1-B260-D8ACC82D5DCF}.Debug|Any CPU.Build.0 = Debug|Any CPU
		{1434CAAE-AE1C-47B1-B260-D8ACC82D5DCF}.Release|Any CPU.ActiveCfg = Release|Any CPU
		{1434CAAE-AE1C-47B1-B260-D8ACC82D5DCF}.Release|Any CPU.Build.0 = Release|Any CPU
	EndGlobalSection
	GlobalSection(SolutionProperties) = preSolution
		HideSolutionNode = FALSE
	EndGlobalSection
	GlobalSection(ExtensibilityGlobals) = postSolution
		SolutionGuid = {280EB453-93AE-482E-9B73-F9C12EE78DC2}
	EndGlobalSection
EndGlobal
